
Microsoft Visual Studio Solution File, Format Version 12.00
# Visual Studio Version 17
VisualStudioVersion = 17.4.33122.133
MinimumVisualStudioVersion = 10.0.40219.1
Project("{FAE04EC0-301F-11D3-BF4B-00C04F79EFBC}") = "Lab_5", "Lab_5\Lab_5.csproj", "{3505C36E-4683-4B56-826A-AC1BEE7FDE6D}"
EndProject
Global
	GlobalSection(SolutionConfigurationPlatforms) = preSolution
		Debug|Any CPU = Debug|Any CPU
		Release|Any CPU = Release|Any CPU
	EndGlobalSection
	GlobalSection(ProjectConfigurationPlatforms) = postSolution
		{3505C36E-4683-4B56-826A-AC1BEE7FDE6D}.Debug|Any CPU.ActiveCfg = Debug|Any CPU
		{3505C36E-4683-4B56-826A-AC1BEE7FDE6D}.Debug|Any CPU.Build.0 = Debug|Any CPU
		{3505C36E-4683-4B56-826A-AC1BEE7FDE6D}.Release|Any CPU.ActiveCfg = Release|Any CPU
		{3505C36E-4683-4B56-826A-AC1BEE7FDE6D}.Release|Any CPU.Build.0 = Release|Any CPU
	EndGlobalSection
	GlobalSection(SolutionProperties) = preSolution
		HideSolutionNode = FALSE
	EndGlobalSection
	GlobalSection(ExtensibilityGlobals) = postSolution
		SolutionGuid = {D347237E-6492-4C6C-939A-5F773A98672D}
	EndGlobalSection
EndGlobal
